// !$*UTF8*$!
{
	archiveVersion = 1;
	classes = {
	};
	objectVersion = 50;
	objects = {

/* Begin PBXBuildFile section */
		0899628B238D883A0035A15D /* StoreProtocol.swift in Sources */ = {isa = PBXBuildFile; fileRef = 0899628A238D883A0035A15D /* StoreProtocol.swift */; };
		0899628D238D88F20035A15D /* Store.swift in Sources */ = {isa = PBXBuildFile; fileRef = 0899628C238D88F20035A15D /* Store.swift */; };
		08996290238D8AB10035A15D /* UserDefaultsExtension.swift in Sources */ = {isa = PBXBuildFile; fileRef = 0899628F238D8AB10035A15D /* UserDefaultsExtension.swift */; };
		08996298238D95C90035A15D /* SVProgressHUD.framework in Frameworks */ = {isa = PBXBuildFile; fileRef = 08996296238D95C80035A15D /* SVProgressHUD.framework */; };
		08996299238D95C90035A15D /* SVProgressHUD.framework in Embed Frameworks */ = {isa = PBXBuildFile; fileRef = 08996296238D95C80035A15D /* SVProgressHUD.framework */; settings = {ATTRIBUTES = (CodeSignOnCopy, RemoveHeadersOnCopy, ); }; };
		0899629A238D95C90035A15D /* Haneke.framework in Frameworks */ = {isa = PBXBuildFile; fileRef = 08996297238D95C90035A15D /* Haneke.framework */; };
		0899629B238D95C90035A15D /* Haneke.framework in Embed Frameworks */ = {isa = PBXBuildFile; fileRef = 08996297238D95C90035A15D /* Haneke.framework */; settings = {ATTRIBUTES = (CodeSignOnCopy, RemoveHeadersOnCopy, ); }; };
		0899629E238DA9820035A15D /* ShadowView.swift in Sources */ = {isa = PBXBuildFile; fileRef = 0899629D238DA9820035A15D /* ShadowView.swift */; };
		08E7063F238D66F300FB93A9 /* Utilities.swift in Sources */ = {isa = PBXBuildFile; fileRef = 08E7063E238D66F300FB93A9 /* Utilities.swift */; };
		08E70642238D687F00FB93A9 /* CompanyCell.swift in Sources */ = {isa = PBXBuildFile; fileRef = 08E70641238D687F00FB93A9 /* CompanyCell.swift */; };
		46173AC3238D25E600A49C53 /* AppDelegate.swift in Sources */ = {isa = PBXBuildFile; fileRef = 46173AC2238D25E600A49C53 /* AppDelegate.swift */; };
		46173AC7238D25E600A49C53 /* CompanyViewController.swift in Sources */ = {isa = PBXBuildFile; fileRef = 46173AC6238D25E600A49C53 /* CompanyViewController.swift */; };
		46173ACA238D25E600A49C53 /* Main.storyboard in Resources */ = {isa = PBXBuildFile; fileRef = 46173AC8238D25E600A49C53 /* Main.storyboard */; };
		46173ACF238D25E700A49C53 /* Assets.xcassets in Resources */ = {isa = PBXBuildFile; fileRef = 46173ACE238D25E700A49C53 /* Assets.xcassets */; };
		46173AD2238D25E700A49C53 /* LaunchScreen.storyboard in Resources */ = {isa = PBXBuildFile; fileRef = 46173AD0238D25E700A49C53 /* LaunchScreen.storyboard */; };
		46173ADD238D25E700A49C53 /* CompanyViewProtocolTests.swift in Sources */ = {isa = PBXBuildFile; fileRef = 46173ADC238D25E700A49C53 /* CompanyViewProtocolTests.swift */; };
		46173AE8238D25E700A49C53 /* ClubHouseUITests.swift in Sources */ = {isa = PBXBuildFile; fileRef = 46173AE7238D25E700A49C53 /* ClubHouseUITests.swift */; };
		46173AFF238D28E100A49C53 /* ServiceProtocol.swift in Sources */ = {isa = PBXBuildFile; fileRef = 46173AFE238D28E100A49C53 /* ServiceProtocol.swift */; };
		46173B01238D292500A49C53 /* Company.swift in Sources */ = {isa = PBXBuildFile; fileRef = 46173B00238D292500A49C53 /* Company.swift */; };
		46173B03238D296000A49C53 /* CodableError.swift in Sources */ = {isa = PBXBuildFile; fileRef = 46173B02238D296000A49C53 /* CodableError.swift */; };
		46173B05238D298F00A49C53 /* ClubService.swift in Sources */ = {isa = PBXBuildFile; fileRef = 46173B04238D298F00A49C53 /* ClubService.swift */; };
		46173B07238D302100A49C53 /* Member.swift in Sources */ = {isa = PBXBuildFile; fileRef = 46173B06238D302100A49C53 /* Member.swift */; };
		46173B09238D338000A49C53 /* CompanyViewModel.swift in Sources */ = {isa = PBXBuildFile; fileRef = 46173B08238D338000A49C53 /* CompanyViewModel.swift */; };
		46173B0B238D33B200A49C53 /* CompanyViewModelProtocol.swift in Sources */ = {isa = PBXBuildFile; fileRef = 46173B0A238D33B200A49C53 /* CompanyViewModelProtocol.swift */; };
		46173B0F238D3B6800A49C53 /* data.json in Resources */ = {isa = PBXBuildFile; fileRef = 46173B0E238D3B6800A49C53 /* data.json */; };
		46173B11238D3B9000A49C53 /* MockClubService.swift in Sources */ = {isa = PBXBuildFile; fileRef = 46173B10238D3B9000A49C53 /* MockClubService.swift */; };
		46173B13238D3C3D00A49C53 /* MockCompanyViewController.swift in Sources */ = {isa = PBXBuildFile; fileRef = 46173B12238D3C3D00A49C53 /* MockCompanyViewController.swift */; };
		46173B16238D3E2600A49C53 /* CompanyExtension.swift in Sources */ = {isa = PBXBuildFile; fileRef = 46173B15238D3E2600A49C53 /* CompanyExtension.swift */; };
		46912EBB238E24220091C6E6 /* MemberViewController.swift in Sources */ = {isa = PBXBuildFile; fileRef = 46912EBA238E24220091C6E6 /* MemberViewController.swift */; };
		46912EBD238E26D20091C6E6 /* MemberViewModelProtocol.swift in Sources */ = {isa = PBXBuildFile; fileRef = 46912EBC238E26D20091C6E6 /* MemberViewModelProtocol.swift */; };
		46912EBF238E26ED0091C6E6 /* MemberViewModel.swift in Sources */ = {isa = PBXBuildFile; fileRef = 46912EBE238E26ED0091C6E6 /* MemberViewModel.swift */; };
		46912EC3238E2FAF0091C6E6 /* MemberCell.swift in Sources */ = {isa = PBXBuildFile; fileRef = 46912EC2238E2FAF0091C6E6 /* MemberCell.swift */; };
		46912EC5238E407B0091C6E6 /* StringExtensions.swift in Sources */ = {isa = PBXBuildFile; fileRef = 46912EC4238E407B0091C6E6 /* StringExtensions.swift */; };
		46912EC8238E434E0091C6E6 /* MemberViewModelTest.swift in Sources */ = {isa = PBXBuildFile; fileRef = 46912EC7238E434E0091C6E6 /* MemberViewModelTest.swift */; };
		46912ECC238E454E0091C6E6 /* MockStore.swift in Sources */ = {isa = PBXBuildFile; fileRef = 46912ECB238E454E0091C6E6 /* MockStore.swift */; };
		46912ECE238E483C0091C6E6 /* MemberExtension.swift in Sources */ = {isa = PBXBuildFile; fileRef = 46912ECD238E483C0091C6E6 /* MemberExtension.swift */; };
		46912ED0238E52BF0091C6E6 /* PopoverKit.framework in Frameworks */ = {isa = PBXBuildFile; fileRef = 46912ECF238E52BF0091C6E6 /* PopoverKit.framework */; };
		46912ED1238E52BF0091C6E6 /* PopoverKit.framework in Embed Frameworks */ = {isa = PBXBuildFile; fileRef = 46912ECF238E52BF0091C6E6 /* PopoverKit.framework */; settings = {ATTRIBUTES = (CodeSignOnCopy, RemoveHeadersOnCopy, ); }; };
		46912ED3238E58CD0091C6E6 /* SortOptions.swift in Sources */ = {isa = PBXBuildFile; fileRef = 46912ED2238E58CD0091C6E6 /* SortOptions.swift */; };
		46912ED7238E7B3A0091C6E6 /* RxSwift.framework in Frameworks */ = {isa = PBXBuildFile; fileRef = 46912ED4238E7B3A0091C6E6 /* RxSwift.framework */; };
		46912ED8238E7B3A0091C6E6 /* RxSwift.framework in Embed Frameworks */ = {isa = PBXBuildFile; fileRef = 46912ED4238E7B3A0091C6E6 /* RxSwift.framework */; settings = {ATTRIBUTES = (CodeSignOnCopy, RemoveHeadersOnCopy, ); }; };
		46912ED9238E7B3A0091C6E6 /* RxCocoa.framework in Frameworks */ = {isa = PBXBuildFile; fileRef = 46912ED5238E7B3A0091C6E6 /* RxCocoa.framework */; };
		46912EDA238E7B3A0091C6E6 /* RxCocoa.framework in Embed Frameworks */ = {isa = PBXBuildFile; fileRef = 46912ED5238E7B3A0091C6E6 /* RxCocoa.framework */; settings = {ATTRIBUTES = (CodeSignOnCopy, RemoveHeadersOnCopy, ); }; };
		46912EDB238E7B3A0091C6E6 /* RxRelay.framework in Frameworks */ = {isa = PBXBuildFile; fileRef = 46912ED6238E7B3A0091C6E6 /* RxRelay.framework */; };
		46912EDC238E7B3A0091C6E6 /* RxRelay.framework in Embed Frameworks */ = {isa = PBXBuildFile; fileRef = 46912ED6238E7B3A0091C6E6 /* RxRelay.framework */; settings = {ATTRIBUTES = (CodeSignOnCopy, RemoveHeadersOnCopy, ); }; };
/* End PBXBuildFile section */

/* Begin PBXContainerItemProxy section */
		46173AD9238D25E700A49C53 /* PBXContainerItemProxy */ = {
			isa = PBXContainerItemProxy;
			containerPortal = 46173AB7238D25E600A49C53 /* Project object */;
			proxyType = 1;
			remoteGlobalIDString = 46173ABE238D25E600A49C53;
			remoteInfo = ClubHouse;
		};
		46173AE4238D25E700A49C53 /* PBXContainerItemProxy */ = {
			isa = PBXContainerItemProxy;
			containerPortal = 46173AB7238D25E600A49C53 /* Project object */;
			proxyType = 1;
			remoteGlobalIDString = 46173ABE238D25E600A49C53;
			remoteInfo = ClubHouse;
		};
/* End PBXContainerItemProxy section */

/* Begin PBXCopyFilesBuildPhase section */
		0899629C238D95C90035A15D /* Embed Frameworks */ = {
			isa = PBXCopyFilesBuildPhase;
			buildActionMask = 2147483647;
			dstPath = "";
			dstSubfolderSpec = 10;
			files = (
				46912ED8238E7B3A0091C6E6 /* RxSwift.framework in Embed Frameworks */,
				0899629B238D95C90035A15D /* Haneke.framework in Embed Frameworks */,
				46912EDC238E7B3A0091C6E6 /* RxRelay.framework in Embed Frameworks */,
				08996299238D95C90035A15D /* SVProgressHUD.framework in Embed Frameworks */,
				46912EDA238E7B3A0091C6E6 /* RxCocoa.framework in Embed Frameworks */,
				46912ED1238E52BF0091C6E6 /* PopoverKit.framework in Embed Frameworks */,
			);
			name = "Embed Frameworks";
			runOnlyForDeploymentPostprocessing = 0;
		};
/* End PBXCopyFilesBuildPhase section */

/* Begin PBXFileReference section */
		0899628A238D883A0035A15D /* StoreProtocol.swift */ = {isa = PBXFileReference; lastKnownFileType = sourcecode.swift; path = StoreProtocol.swift; sourceTree = "<group>"; };
		0899628C238D88F20035A15D /* Store.swift */ = {isa = PBXFileReference; lastKnownFileType = sourcecode.swift; path = Store.swift; sourceTree = "<group>"; };
		0899628F238D8AB10035A15D /* UserDefaultsExtension.swift */ = {isa = PBXFileReference; fileEncoding = 4; lastKnownFileType = sourcecode.swift; path = UserDefaultsExtension.swift; sourceTree = "<group>"; };
		08996292238D8D990035A15D /* Kingfisher.framework */ = {isa = PBXFileReference; lastKnownFileType = wrapper.framework; name = Kingfisher.framework; path = Carthage/Build/iOS/Kingfisher.framework; sourceTree = "<group>"; };
		08996296238D95C80035A15D /* SVProgressHUD.framework */ = {isa = PBXFileReference; lastKnownFileType = wrapper.framework; name = SVProgressHUD.framework; path = Carthage/Build/iOS/SVProgressHUD.framework; sourceTree = "<group>"; };
		08996297238D95C90035A15D /* Haneke.framework */ = {isa = PBXFileReference; lastKnownFileType = wrapper.framework; name = Haneke.framework; path = Carthage/Build/iOS/Haneke.framework; sourceTree = "<group>"; };
		0899629D238DA9820035A15D /* ShadowView.swift */ = {isa = PBXFileReference; lastKnownFileType = sourcecode.swift; path = ShadowView.swift; sourceTree = "<group>"; };
		08E7063E238D66F300FB93A9 /* Utilities.swift */ = {isa = PBXFileReference; lastKnownFileType = sourcecode.swift; path = Utilities.swift; sourceTree = "<group>"; };
		08E70641238D687F00FB93A9 /* CompanyCell.swift */ = {isa = PBXFileReference; lastKnownFileType = sourcecode.swift; path = CompanyCell.swift; sourceTree = "<group>"; };
		46173ABF238D25E600A49C53 /* ClubHouse.app */ = {isa = PBXFileReference; explicitFileType = wrapper.application; includeInIndex = 0; path = ClubHouse.app; sourceTree = BUILT_PRODUCTS_DIR; };
		46173AC2238D25E600A49C53 /* AppDelegate.swift */ = {isa = PBXFileReference; lastKnownFileType = sourcecode.swift; path = AppDelegate.swift; sourceTree = "<group>"; };
		46173AC6238D25E600A49C53 /* CompanyViewController.swift */ = {isa = PBXFileReference; lastKnownFileType = sourcecode.swift; path = CompanyViewController.swift; sourceTree = "<group>"; };
		46173AC9238D25E600A49C53 /* Base */ = {isa = PBXFileReference; lastKnownFileType = file.storyboard; name = Base; path = Base.lproj/Main.storyboard; sourceTree = "<group>"; };
		46173ACE238D25E700A49C53 /* Assets.xcassets */ = {isa = PBXFileReference; lastKnownFileType = folder.assetcatalog; path = Assets.xcassets; sourceTree = "<group>"; };
		46173AD1238D25E700A49C53 /* Base */ = {isa = PBXFileReference; lastKnownFileType = file.storyboard; name = Base; path = Base.lproj/LaunchScreen.storyboard; sourceTree = "<group>"; };
		46173AD3238D25E700A49C53 /* Info.plist */ = {isa = PBXFileReference; lastKnownFileType = text.plist.xml; path = Info.plist; sourceTree = "<group>"; };
		46173AD8238D25E700A49C53 /* ClubHouseTests.xctest */ = {isa = PBXFileReference; explicitFileType = wrapper.cfbundle; includeInIndex = 0; path = ClubHouseTests.xctest; sourceTree = BUILT_PRODUCTS_DIR; };
		46173ADC238D25E700A49C53 /* CompanyViewProtocolTests.swift */ = {isa = PBXFileReference; lastKnownFileType = sourcecode.swift; path = CompanyViewProtocolTests.swift; sourceTree = "<group>"; };
		46173ADE238D25E700A49C53 /* Info.plist */ = {isa = PBXFileReference; lastKnownFileType = text.plist.xml; path = Info.plist; sourceTree = "<group>"; };
		46173AE3238D25E700A49C53 /* ClubHouseUITests.xctest */ = {isa = PBXFileReference; explicitFileType = wrapper.cfbundle; includeInIndex = 0; path = ClubHouseUITests.xctest; sourceTree = BUILT_PRODUCTS_DIR; };
		46173AE7238D25E700A49C53 /* ClubHouseUITests.swift */ = {isa = PBXFileReference; lastKnownFileType = sourcecode.swift; path = ClubHouseUITests.swift; sourceTree = "<group>"; };
		46173AE9238D25E700A49C53 /* Info.plist */ = {isa = PBXFileReference; lastKnownFileType = text.plist.xml; path = Info.plist; sourceTree = "<group>"; };
		46173AFE238D28E100A49C53 /* ServiceProtocol.swift */ = {isa = PBXFileReference; lastKnownFileType = sourcecode.swift; path = ServiceProtocol.swift; sourceTree = "<group>"; };
		46173B00238D292500A49C53 /* Company.swift */ = {isa = PBXFileReference; lastKnownFileType = sourcecode.swift; path = Company.swift; sourceTree = "<group>"; };
		46173B02238D296000A49C53 /* CodableError.swift */ = {isa = PBXFileReference; lastKnownFileType = sourcecode.swift; path = CodableError.swift; sourceTree = "<group>"; };
		46173B04238D298F00A49C53 /* ClubService.swift */ = {isa = PBXFileReference; lastKnownFileType = sourcecode.swift; path = ClubService.swift; sourceTree = "<group>"; };
		46173B06238D302100A49C53 /* Member.swift */ = {isa = PBXFileReference; lastKnownFileType = sourcecode.swift; path = Member.swift; sourceTree = "<group>"; };
		46173B08238D338000A49C53 /* CompanyViewModel.swift */ = {isa = PBXFileReference; lastKnownFileType = sourcecode.swift; path = CompanyViewModel.swift; sourceTree = "<group>"; };
		46173B0A238D33B200A49C53 /* CompanyViewModelProtocol.swift */ = {isa = PBXFileReference; lastKnownFileType = sourcecode.swift; path = CompanyViewModelProtocol.swift; sourceTree = "<group>"; };
		46173B0E238D3B6800A49C53 /* data.json */ = {isa = PBXFileReference; fileEncoding = 4; lastKnownFileType = text.json; path = data.json; sourceTree = "<group>"; };
		46173B10238D3B9000A49C53 /* MockClubService.swift */ = {isa = PBXFileReference; lastKnownFileType = sourcecode.swift; path = MockClubService.swift; sourceTree = "<group>"; };
		46173B12238D3C3D00A49C53 /* MockCompanyViewController.swift */ = {isa = PBXFileReference; lastKnownFileType = sourcecode.swift; path = MockCompanyViewController.swift; sourceTree = "<group>"; };
		46173B15238D3E2600A49C53 /* CompanyExtension.swift */ = {isa = PBXFileReference; lastKnownFileType = sourcecode.swift; path = CompanyExtension.swift; sourceTree = "<group>"; };
		46912EBA238E24220091C6E6 /* MemberViewController.swift */ = {isa = PBXFileReference; lastKnownFileType = sourcecode.swift; path = MemberViewController.swift; sourceTree = "<group>"; };
		46912EBC238E26D20091C6E6 /* MemberViewModelProtocol.swift */ = {isa = PBXFileReference; lastKnownFileType = sourcecode.swift; path = MemberViewModelProtocol.swift; sourceTree = "<group>"; };
		46912EBE238E26ED0091C6E6 /* MemberViewModel.swift */ = {isa = PBXFileReference; lastKnownFileType = sourcecode.swift; path = MemberViewModel.swift; sourceTree = "<group>"; };
		46912EC2238E2FAF0091C6E6 /* MemberCell.swift */ = {isa = PBXFileReference; lastKnownFileType = sourcecode.swift; path = MemberCell.swift; sourceTree = "<group>"; };
		46912EC4238E407B0091C6E6 /* StringExtensions.swift */ = {isa = PBXFileReference; lastKnownFileType = sourcecode.swift; path = StringExtensions.swift; sourceTree = "<group>"; };
		46912EC7238E434E0091C6E6 /* MemberViewModelTest.swift */ = {isa = PBXFileReference; lastKnownFileType = sourcecode.swift; path = MemberViewModelTest.swift; sourceTree = "<group>"; };
		46912ECB238E454E0091C6E6 /* MockStore.swift */ = {isa = PBXFileReference; lastKnownFileType = sourcecode.swift; path = MockStore.swift; sourceTree = "<group>"; };
		46912ECD238E483C0091C6E6 /* MemberExtension.swift */ = {isa = PBXFileReference; lastKnownFileType = sourcecode.swift; path = MemberExtension.swift; sourceTree = "<group>"; };
		46912ECF238E52BF0091C6E6 /* PopoverKit.framework */ = {isa = PBXFileReference; lastKnownFileType = wrapper.framework; name = PopoverKit.framework; path = Carthage/Build/iOS/PopoverKit.framework; sourceTree = "<group>"; };
		46912ED2238E58CD0091C6E6 /* SortOptions.swift */ = {isa = PBXFileReference; lastKnownFileType = sourcecode.swift; path = SortOptions.swift; sourceTree = "<group>"; };
		46912ED4238E7B3A0091C6E6 /* RxSwift.framework */ = {isa = PBXFileReference; lastKnownFileType = wrapper.framework; name = RxSwift.framework; path = Carthage/Build/iOS/RxSwift.framework; sourceTree = "<group>"; };
		46912ED5238E7B3A0091C6E6 /* RxCocoa.framework */ = {isa = PBXFileReference; lastKnownFileType = wrapper.framework; name = RxCocoa.framework; path = Carthage/Build/iOS/RxCocoa.framework; sourceTree = "<group>"; };
		46912ED6238E7B3A0091C6E6 /* RxRelay.framework */ = {isa = PBXFileReference; lastKnownFileType = wrapper.framework; name = RxRelay.framework; path = Carthage/Build/iOS/RxRelay.framework; sourceTree = "<group>"; };
/* End PBXFileReference section */

/* Begin PBXFrameworksBuildPhase section */
		46173ABC238D25E600A49C53 /* Frameworks */ = {
			isa = PBXFrameworksBuildPhase;
			buildActionMask = 2147483647;
			files = (
				46912ED7238E7B3A0091C6E6 /* RxSwift.framework in Frameworks */,
				0899629A238D95C90035A15D /* Haneke.framework in Frameworks */,
				46912EDB238E7B3A0091C6E6 /* RxRelay.framework in Frameworks */,
				08996298238D95C90035A15D /* SVProgressHUD.framework in Frameworks */,
				46912ED9238E7B3A0091C6E6 /* RxCocoa.framework in Frameworks */,
				46912ED0238E52BF0091C6E6 /* PopoverKit.framework in Frameworks */,
			);
			runOnlyForDeploymentPostprocessing = 0;
		};
		46173AD5238D25E700A49C53 /* Frameworks */ = {
			isa = PBXFrameworksBuildPhase;
			buildActionMask = 2147483647;
			files = (
			);
			runOnlyForDeploymentPostprocessing = 0;
		};
		46173AE0238D25E700A49C53 /* Frameworks */ = {
			isa = PBXFrameworksBuildPhase;
			buildActionMask = 2147483647;
			files = (
			);
			runOnlyForDeploymentPostprocessing = 0;
		};
/* End PBXFrameworksBuildPhase section */

/* Begin PBXGroup section */
		0899628E238D8A930035A15D /* Extensions */ = {
			isa = PBXGroup;
			children = (
				0899628F238D8AB10035A15D /* UserDefaultsExtension.swift */,
				46912EC4238E407B0091C6E6 /* StringExtensions.swift */,
			);
			path = Extensions;
			sourceTree = "<group>";
		};
		08996291238D8D990035A15D /* Frameworks */ = {
			isa = PBXGroup;
			children = (
				46912ED5238E7B3A0091C6E6 /* RxCocoa.framework */,
				46912ED6238E7B3A0091C6E6 /* RxRelay.framework */,
				46912ED4238E7B3A0091C6E6 /* RxSwift.framework */,
				46912ECF238E52BF0091C6E6 /* PopoverKit.framework */,
				08996297238D95C90035A15D /* Haneke.framework */,
				08996296238D95C80035A15D /* SVProgressHUD.framework */,
				08996292238D8D990035A15D /* Kingfisher.framework */,
			);
			name = Frameworks;
			sourceTree = "<group>";
		};
		08E7063D238D65A600FB93A9 /* Helpers */ = {
			isa = PBXGroup;
			children = (
				0899628E238D8A930035A15D /* Extensions */,
				08E7063E238D66F300FB93A9 /* Utilities.swift */,
				46912ED2238E58CD0091C6E6 /* SortOptions.swift */,
			);
			path = Helpers;
			sourceTree = "<group>";
		};
		08E70640238D685400FB93A9 /* Custom */ = {
			isa = PBXGroup;
			children = (
				08E70641238D687F00FB93A9 /* CompanyCell.swift */,
				0899629D238DA9820035A15D /* ShadowView.swift */,
				46912EC2238E2FAF0091C6E6 /* MemberCell.swift */,
			);
			path = Custom;
			sourceTree = "<group>";
		};
		46173AB6238D25E600A49C53 = {
			isa = PBXGroup;
			children = (
				46173AC1238D25E600A49C53 /* ClubHouse */,
				46173ADB238D25E700A49C53 /* ClubHouseTests */,
				46173AE6238D25E700A49C53 /* ClubHouseUITests */,
				46173AC0238D25E600A49C53 /* Products */,
				08996291238D8D990035A15D /* Frameworks */,
			);
			sourceTree = "<group>";
		};
		46173AC0238D25E600A49C53 /* Products */ = {
			isa = PBXGroup;
			children = (
				46173ABF238D25E600A49C53 /* ClubHouse.app */,
				46173AD8238D25E700A49C53 /* ClubHouseTests.xctest */,
				46173AE3238D25E700A49C53 /* ClubHouseUITests.xctest */,
			);
			name = Products;
			sourceTree = "<group>";
		};
		46173AC1238D25E600A49C53 /* ClubHouse */ = {
			isa = PBXGroup;
			children = (
				08E7063D238D65A600FB93A9 /* Helpers */,
				46173AFD238D28BC00A49C53 /* Networking */,
				46173AFC238D28AA00A49C53 /* Protocols */,
				46173AFB238D277900A49C53 /* Resources */,
				46173AF8238D274200A49C53 /* ViewModels */,
				46173AF7238D273400A49C53 /* Models */,
				46173AF6238D272500A49C53 /* Views */,
				46173AF5238D264600A49C53 /* Supporting Files */,
			);
			path = ClubHouse;
			sourceTree = "<group>";
		};
		46173ADB238D25E700A49C53 /* ClubHouseTests */ = {
			isa = PBXGroup;
			children = (
				46912EC6238E42F60091C6E6 /* Member */,
				46173B14238D3C9200A49C53 /* CompanyView */,
				46173B0E238D3B6800A49C53 /* data.json */,
				46173ADE238D25E700A49C53 /* Info.plist */,
			);
			path = ClubHouseTests;
			sourceTree = "<group>";
		};
		46173AE6238D25E700A49C53 /* ClubHouseUITests */ = {
			isa = PBXGroup;
			children = (
				46173AE7238D25E700A49C53 /* ClubHouseUITests.swift */,
				46173AE9238D25E700A49C53 /* Info.plist */,
			);
			path = ClubHouseUITests;
			sourceTree = "<group>";
		};
		46173AF5238D264600A49C53 /* Supporting Files */ = {
			isa = PBXGroup;
			children = (
				46173AC2238D25E600A49C53 /* AppDelegate.swift */,
				46173AD3238D25E700A49C53 /* Info.plist */,
			);
			name = "Supporting Files";
			sourceTree = "<group>";
		};
		46173AF6238D272500A49C53 /* Views */ = {
			isa = PBXGroup;
			children = (
				08E70640238D685400FB93A9 /* Custom */,
				46173AFA238D275B00A49C53 /* Storyboards */,
				46173AF9238D275200A49C53 /* ViewControllers */,
			);
			path = Views;
			sourceTree = "<group>";
		};
		46173AF7238D273400A49C53 /* Models */ = {
			isa = PBXGroup;
			children = (
				46173B00238D292500A49C53 /* Company.swift */,
				46173B02238D296000A49C53 /* CodableError.swift */,
				46173B06238D302100A49C53 /* Member.swift */,
			);
			path = Models;
			sourceTree = "<group>";
		};
		46173AF8238D274200A49C53 /* ViewModels */ = {
			isa = PBXGroup;
			children = (
				46173B08238D338000A49C53 /* CompanyViewModel.swift */,
				0899628C238D88F20035A15D /* Store.swift */,
				46912EBE238E26ED0091C6E6 /* MemberViewModel.swift */,
			);
			path = ViewModels;
			sourceTree = "<group>";
		};
		46173AF9238D275200A49C53 /* ViewControllers */ = {
			isa = PBXGroup;
			children = (
				46173AC6238D25E600A49C53 /* CompanyViewController.swift */,
				46912EBA238E24220091C6E6 /* MemberViewController.swift */,
			);
			path = ViewControllers;
			sourceTree = "<group>";
		};
		46173AFA238D275B00A49C53 /* Storyboards */ = {
			isa = PBXGroup;
			children = (
				46173AC8238D25E600A49C53 /* Main.storyboard */,
				46173AD0238D25E700A49C53 /* LaunchScreen.storyboard */,
			);
			path = Storyboards;
			sourceTree = "<group>";
		};
		46173AFB238D277900A49C53 /* Resources */ = {
			isa = PBXGroup;
			children = (
				46173ACE238D25E700A49C53 /* Assets.xcassets */,
			);
			path = Resources;
			sourceTree = "<group>";
		};
		46173AFC238D28AA00A49C53 /* Protocols */ = {
			isa = PBXGroup;
			children = (
				46173AFE238D28E100A49C53 /* ServiceProtocol.swift */,
				46173B0A238D33B200A49C53 /* CompanyViewModelProtocol.swift */,
				0899628A238D883A0035A15D /* StoreProtocol.swift */,
				46912EBC238E26D20091C6E6 /* MemberViewModelProtocol.swift */,
			);
			path = Protocols;
			sourceTree = "<group>";
		};
		46173AFD238D28BC00A49C53 /* Networking */ = {
			isa = PBXGroup;
			children = (
				46173B04238D298F00A49C53 /* ClubService.swift */,
			);
			path = Networking;
			sourceTree = "<group>";
		};
		46173B14238D3C9200A49C53 /* CompanyView */ = {
			isa = PBXGroup;
			children = (
				46173ADC238D25E700A49C53 /* CompanyViewProtocolTests.swift */,
				46173B10238D3B9000A49C53 /* MockClubService.swift */,
				46173B12238D3C3D00A49C53 /* MockCompanyViewController.swift */,
				46173B15238D3E2600A49C53 /* CompanyExtension.swift */,
				46912ECB238E454E0091C6E6 /* MockStore.swift */,
			);
			path = CompanyView;
			sourceTree = "<group>";
		};
		46912EC6238E42F60091C6E6 /* Member */ = {
			isa = PBXGroup;
			children = (
				46912EC7238E434E0091C6E6 /* MemberViewModelTest.swift */,
				46912ECD238E483C0091C6E6 /* MemberExtension.swift */,
			);
			path = Member;
			sourceTree = "<group>";
		};
/* End PBXGroup section */

/* Begin PBXNativeTarget section */
		46173ABE238D25E600A49C53 /* ClubHouse */ = {
			isa = PBXNativeTarget;
			buildConfigurationList = 46173AEC238D25E700A49C53 /* Build configuration list for PBXNativeTarget "ClubHouse" */;
			buildPhases = (
				46173ABB238D25E600A49C53 /* Sources */,
				46173ABC238D25E600A49C53 /* Frameworks */,
				46173ABD238D25E600A49C53 /* Resources */,
				0899629C238D95C90035A15D /* Embed Frameworks */,
			);
			buildRules = (
			);
			dependencies = (
			);
			name = ClubHouse;
			productName = ClubHouse;
			productReference = 46173ABF238D25E600A49C53 /* ClubHouse.app */;
			productType = "com.apple.product-type.application";
		};
		46173AD7238D25E700A49C53 /* ClubHouseTests */ = {
			isa = PBXNativeTarget;
			buildConfigurationList = 46173AEF238D25E700A49C53 /* Build configuration list for PBXNativeTarget "ClubHouseTests" */;
			buildPhases = (
				46173AD4238D25E700A49C53 /* Sources */,
				46173AD5238D25E700A49C53 /* Frameworks */,
				46173AD6238D25E700A49C53 /* Resources */,
			);
			buildRules = (
			);
			dependencies = (
				46173ADA238D25E700A49C53 /* PBXTargetDependency */,
			);
			name = ClubHouseTests;
			productName = ClubHouseTests;
			productReference = 46173AD8238D25E700A49C53 /* ClubHouseTests.xctest */;
			productType = "com.apple.product-type.bundle.unit-test";
		};
		46173AE2238D25E700A49C53 /* ClubHouseUITests */ = {
			isa = PBXNativeTarget;
			buildConfigurationList = 46173AF2238D25E700A49C53 /* Build configuration list for PBXNativeTarget "ClubHouseUITests" */;
			buildPhases = (
				46173ADF238D25E700A49C53 /* Sources */,
				46173AE0238D25E700A49C53 /* Frameworks */,
				46173AE1238D25E700A49C53 /* Resources */,
			);
			buildRules = (
			);
			dependencies = (
				46173AE5238D25E700A49C53 /* PBXTargetDependency */,
			);
			name = ClubHouseUITests;
			productName = ClubHouseUITests;
			productReference = 46173AE3238D25E700A49C53 /* ClubHouseUITests.xctest */;
			productType = "com.apple.product-type.bundle.ui-testing";
		};
/* End PBXNativeTarget section */

/* Begin PBXProject section */
		46173AB7238D25E600A49C53 /* Project object */ = {
			isa = PBXProject;
			attributes = {
				LastSwiftUpdateCheck = 1120;
				LastUpgradeCheck = 1120;
				ORGANIZATIONNAME = "Jahid Hassan";
				TargetAttributes = {
					46173ABE238D25E600A49C53 = {
						CreatedOnToolsVersion = 11.2.1;
					};
					46173AD7238D25E700A49C53 = {
						CreatedOnToolsVersion = 11.2.1;
						TestTargetID = 46173ABE238D25E600A49C53;
					};
					46173AE2238D25E700A49C53 = {
						CreatedOnToolsVersion = 11.2.1;
						TestTargetID = 46173ABE238D25E600A49C53;
					};
				};
			};
			buildConfigurationList = 46173ABA238D25E600A49C53 /* Build configuration list for PBXProject "ClubHouse" */;
			compatibilityVersion = "Xcode 9.3";
			developmentRegion = en;
			hasScannedForEncodings = 0;
			knownRegions = (
				en,
				Base,
			);
			mainGroup = 46173AB6238D25E600A49C53;
			productRefGroup = 46173AC0238D25E600A49C53 /* Products */;
			projectDirPath = "";
			projectRoot = "";
			targets = (
				46173ABE238D25E600A49C53 /* ClubHouse */,
				46173AD7238D25E700A49C53 /* ClubHouseTests */,
				46173AE2238D25E700A49C53 /* ClubHouseUITests */,
			);
		};
/* End PBXProject section */

/* Begin PBXResourcesBuildPhase section */
		46173ABD238D25E600A49C53 /* Resources */ = {
			isa = PBXResourcesBuildPhase;
			buildActionMask = 2147483647;
			files = (
				46173AD2238D25E700A49C53 /* LaunchScreen.storyboard in Resources */,
				46173ACF238D25E700A49C53 /* Assets.xcassets in Resources */,
				46173ACA238D25E600A49C53 /* Main.storyboard in Resources */,
			);
			runOnlyForDeploymentPostprocessing = 0;
		};
		46173AD6238D25E700A49C53 /* Resources */ = {
			isa = PBXResourcesBuildPhase;
			buildActionMask = 2147483647;
			files = (
				46173B0F238D3B6800A49C53 /* data.json in Resources */,
			);
			runOnlyForDeploymentPostprocessing = 0;
		};
		46173AE1238D25E700A49C53 /* Resources */ = {
			isa = PBXResourcesBuildPhase;
			buildActionMask = 2147483647;
			files = (
			);
			runOnlyForDeploymentPostprocessing = 0;
		};
/* End PBXResourcesBuildPhase section */

/* Begin PBXSourcesBuildPhase section */
		46173ABB238D25E600A49C53 /* Sources */ = {
			isa = PBXSourcesBuildPhase;
			buildActionMask = 2147483647;
			files = (
				46173B09238D338000A49C53 /* CompanyViewModel.swift in Sources */,
				46173B0B238D33B200A49C53 /* CompanyViewModelProtocol.swift in Sources */,
				46173AC7238D25E600A49C53 /* CompanyViewController.swift in Sources */,
				46912EC5238E407B0091C6E6 /* StringExtensions.swift in Sources */,
				46912ED3238E58CD0091C6E6 /* SortOptions.swift in Sources */,
				46173AC3238D25E600A49C53 /* AppDelegate.swift in Sources */,
				46912EBD238E26D20091C6E6 /* MemberViewModelProtocol.swift in Sources */,
				46173B01238D292500A49C53 /* Company.swift in Sources */,
				08E7063F238D66F300FB93A9 /* Utilities.swift in Sources */,
				46173B05238D298F00A49C53 /* ClubService.swift in Sources */,
				46912EBF238E26ED0091C6E6 /* MemberViewModel.swift in Sources */,
				0899628D238D88F20035A15D /* Store.swift in Sources */,
				46912EBB238E24220091C6E6 /* MemberViewController.swift in Sources */,
				46173AFF238D28E100A49C53 /* ServiceProtocol.swift in Sources */,
				08E70642238D687F00FB93A9 /* CompanyCell.swift in Sources */,
				08996290238D8AB10035A15D /* UserDefaultsExtension.swift in Sources */,
				46912EC3238E2FAF0091C6E6 /* MemberCell.swift in Sources */,
				0899629E238DA9820035A15D /* ShadowView.swift in Sources */,
				46173B03238D296000A49C53 /* CodableError.swift in Sources */,
				46173B07238D302100A49C53 /* Member.swift in Sources */,
				0899628B238D883A0035A15D /* StoreProtocol.swift in Sources */,
			);
			runOnlyForDeploymentPostprocessing = 0;
		};
		46173AD4238D25E700A49C53 /* Sources */ = {
			isa = PBXSourcesBuildPhase;
			buildActionMask = 2147483647;
			files = (
				46173B13238D3C3D00A49C53 /* MockCompanyViewController.swift in Sources */,
				46173B16238D3E2600A49C53 /* CompanyExtension.swift in Sources */,
				46912EC8238E434E0091C6E6 /* MemberViewModelTest.swift in Sources */,
				46912ECE238E483C0091C6E6 /* MemberExtension.swift in Sources */,
				46173ADD238D25E700A49C53 /* CompanyViewProtocolTests.swift in Sources */,
				46173B11238D3B9000A49C53 /* MockClubService.swift in Sources */,
				46912ECC238E454E0091C6E6 /* MockStore.swift in Sources */,
			);
			runOnlyForDeploymentPostprocessing = 0;
		};
		46173ADF238D25E700A49C53 /* Sources */ = {
			isa = PBXSourcesBuildPhase;
			buildActionMask = 2147483647;
			files = (
				46173AE8238D25E700A49C53 /* ClubHouseUITests.swift in Sources */,
			);
			runOnlyForDeploymentPostprocessing = 0;
		};
/* End PBXSourcesBuildPhase section */

/* Begin PBXTargetDependency section */
		46173ADA238D25E700A49C53 /* PBXTargetDependency */ = {
			isa = PBXTargetDependency;
			target = 46173ABE238D25E600A49C53 /* ClubHouse */;
			targetProxy = 46173AD9238D25E700A49C53 /* PBXContainerItemProxy */;
		};
		46173AE5238D25E700A49C53 /* PBXTargetDependency */ = {
			isa = PBXTargetDependency;
			target = 46173ABE238D25E600A49C53 /* ClubHouse */;
			targetProxy = 46173AE4238D25E700A49C53 /* PBXContainerItemProxy */;
		};
/* End PBXTargetDependency section */

/* Begin PBXVariantGroup section */
		46173AC8238D25E600A49C53 /* Main.storyboard */ = {
			isa = PBXVariantGroup;
			children = (
				46173AC9238D25E600A49C53 /* Base */,
			);
			name = Main.storyboard;
			sourceTree = "<group>";
		};
		46173AD0238D25E700A49C53 /* LaunchScreen.storyboard */ = {
			isa = PBXVariantGroup;
			children = (
				46173AD1238D25E700A49C53 /* Base */,
			);
			name = LaunchScreen.storyboard;
			sourceTree = "<group>";
		};
/* End PBXVariantGroup section */

/* Begin XCBuildConfiguration section */
		46173AEA238D25E700A49C53 /* Debug */ = {
			isa = XCBuildConfiguration;
			buildSettings = {
				ALWAYS_SEARCH_USER_PATHS = NO;
				CLANG_ANALYZER_NONNULL = YES;
				CLANG_ANALYZER_NUMBER_OBJECT_CONVERSION = YES_AGGRESSIVE;
				CLANG_CXX_LANGUAGE_STANDARD = "gnu++14";
				CLANG_CXX_LIBRARY = "libc++";
				CLANG_ENABLE_MODULES = YES;
				CLANG_ENABLE_OBJC_ARC = YES;
				CLANG_ENABLE_OBJC_WEAK = YES;
				CLANG_WARN_BLOCK_CAPTURE_AUTORELEASING = YES;
				CLANG_WARN_BOOL_CONVERSION = YES;
				CLANG_WARN_COMMA = YES;
				CLANG_WARN_CONSTANT_CONVERSION = YES;
				CLANG_WARN_DEPRECATED_OBJC_IMPLEMENTATIONS = YES;
				CLANG_WARN_DIRECT_OBJC_ISA_USAGE = YES_ERROR;
				CLANG_WARN_DOCUMENTATION_COMMENTS = YES;
				CLANG_WARN_EMPTY_BODY = YES;
				CLANG_WARN_ENUM_CONVERSION = YES;
				CLANG_WARN_INFINITE_RECURSION = YES;
				CLANG_WARN_INT_CONVERSION = YES;
				CLANG_WARN_NON_LITERAL_NULL_CONVERSION = YES;
				CLANG_WARN_OBJC_IMPLICIT_RETAIN_SELF = YES;
				CLANG_WARN_OBJC_LITERAL_CONVERSION = YES;
				CLANG_WARN_OBJC_ROOT_CLASS = YES_ERROR;
				CLANG_WARN_RANGE_LOOP_ANALYSIS = YES;
				CLANG_WARN_STRICT_PROTOTYPES = YES;
				CLANG_WARN_SUSPICIOUS_MOVE = YES;
				CLANG_WARN_UNGUARDED_AVAILABILITY = YES_AGGRESSIVE;
				CLANG_WARN_UNREACHABLE_CODE = YES;
				CLANG_WARN__DUPLICATE_METHOD_MATCH = YES;
				COPY_PHASE_STRIP = NO;
				DEBUG_INFORMATION_FORMAT = dwarf;
				ENABLE_STRICT_OBJC_MSGSEND = YES;
				ENABLE_TESTABILITY = YES;
				GCC_C_LANGUAGE_STANDARD = gnu11;
				GCC_DYNAMIC_NO_PIC = NO;
				GCC_NO_COMMON_BLOCKS = YES;
				GCC_OPTIMIZATION_LEVEL = 0;
				GCC_PREPROCESSOR_DEFINITIONS = (
					"DEBUG=1",
					"$(inherited)",
				);
				GCC_WARN_64_TO_32_BIT_CONVERSION = YES;
				GCC_WARN_ABOUT_RETURN_TYPE = YES_ERROR;
				GCC_WARN_UNDECLARED_SELECTOR = YES;
				GCC_WARN_UNINITIALIZED_AUTOS = YES_AGGRESSIVE;
				GCC_WARN_UNUSED_FUNCTION = YES;
				GCC_WARN_UNUSED_VARIABLE = YES;
				IPHONEOS_DEPLOYMENT_TARGET = 11.0;
				MTL_ENABLE_DEBUG_INFO = INCLUDE_SOURCE;
				MTL_FAST_MATH = YES;
				ONLY_ACTIVE_ARCH = YES;
				SDKROOT = iphoneos;
				SWIFT_ACTIVE_COMPILATION_CONDITIONS = DEBUG;
				SWIFT_OPTIMIZATION_LEVEL = "-Onone";
			};
			name = Debug;
		};
		46173AEB238D25E700A49C53 /* Release */ = {
			isa = XCBuildConfiguration;
			buildSettings = {
				ALWAYS_SEARCH_USER_PATHS = NO;
				CLANG_ANALYZER_NONNULL = YES;
				CLANG_ANALYZER_NUMBER_OBJECT_CONVERSION = YES_AGGRESSIVE;
				CLANG_CXX_LANGUAGE_STANDARD = "gnu++14";
				CLANG_CXX_LIBRARY = "libc++";
				CLANG_ENABLE_MODULES = YES;
				CLANG_ENABLE_OBJC_ARC = YES;
				CLANG_ENABLE_OBJC_WEAK = YES;
				CLANG_WARN_BLOCK_CAPTURE_AUTORELEASING = YES;
				CLANG_WARN_BOOL_CONVERSION = YES;
				CLANG_WARN_COMMA = YES;
				CLANG_WARN_CONSTANT_CONVERSION = YES;
				CLANG_WARN_DEPRECATED_OBJC_IMPLEMENTATIONS = YES;
				CLANG_WARN_DIRECT_OBJC_ISA_USAGE = YES_ERROR;
				CLANG_WARN_DOCUMENTATION_COMMENTS = YES;
				CLANG_WARN_EMPTY_BODY = YES;
				CLANG_WARN_ENUM_CONVERSION = YES;
				CLANG_WARN_INFINITE_RECURSION = YES;
				CLANG_WARN_INT_CONVERSION = YES;
				CLANG_WARN_NON_LITERAL_NULL_CONVERSION = YES;
				CLANG_WARN_OBJC_IMPLICIT_RETAIN_SELF = YES;
				CLANG_WARN_OBJC_LITERAL_CONVERSION = YES;
				CLANG_WARN_OBJC_ROOT_CLASS = YES_ERROR;
				CLANG_WARN_RANGE_LOOP_ANALYSIS = YES;
				CLANG_WARN_STRICT_PROTOTYPES = YES;
				CLANG_WARN_SUSPICIOUS_MOVE = YES;
				CLANG_WARN_UNGUARDED_AVAILABILITY = YES_AGGRESSIVE;
				CLANG_WARN_UNREACHABLE_CODE = YES;
				CLANG_WARN__DUPLICATE_METHOD_MATCH = YES;
				COPY_PHASE_STRIP = NO;
				DEBUG_INFORMATION_FORMAT = "dwarf-with-dsym";
				ENABLE_NS_ASSERTIONS = NO;
				ENABLE_STRICT_OBJC_MSGSEND = YES;
				GCC_C_LANGUAGE_STANDARD = gnu11;
				GCC_NO_COMMON_BLOCKS = YES;
				GCC_WARN_64_TO_32_BIT_CONVERSION = YES;
				GCC_WARN_ABOUT_RETURN_TYPE = YES_ERROR;
				GCC_WARN_UNDECLARED_SELECTOR = YES;
				GCC_WARN_UNINITIALIZED_AUTOS = YES_AGGRESSIVE;
				GCC_WARN_UNUSED_FUNCTION = YES;
				GCC_WARN_UNUSED_VARIABLE = YES;
				IPHONEOS_DEPLOYMENT_TARGET = 11.0;
				MTL_ENABLE_DEBUG_INFO = NO;
				MTL_FAST_MATH = YES;
				SDKROOT = iphoneos;
				SWIFT_COMPILATION_MODE = wholemodule;
				SWIFT_OPTIMIZATION_LEVEL = "-O";
				VALIDATE_PRODUCT = YES;
			};
			name = Release;
		};
		46173AED238D25E700A49C53 /* Debug */ = {
			isa = XCBuildConfiguration;
			buildSettings = {
				ASSETCATALOG_COMPILER_APPICON_NAME = AppIcon;
				CODE_SIGN_STYLE = Automatic;
				DEVELOPMENT_TEAM = B48346ETV3;
				FRAMEWORK_SEARCH_PATHS = (
					"$(inherited)",
					"$(PROJECT_DIR)/Carthage/Build/iOS",
				);
				INFOPLIST_FILE = ClubHouse/Info.plist;
				LD_RUNPATH_SEARCH_PATHS = (
					"$(inherited)",
					"@executable_path/Frameworks",
				);
				PRODUCT_BUNDLE_IDENTIFIER = infolytx.ClubHouse;
				PRODUCT_NAME = "$(TARGET_NAME)";
				SWIFT_VERSION = 5.0;
				TARGETED_DEVICE_FAMILY = "1,2";
			};
			name = Debug;
		};
		46173AEE238D25E700A49C53 /* Release */ = {
			isa = XCBuildConfiguration;
			buildSettings = {
				ASSETCATALOG_COMPILER_APPICON_NAME = AppIcon;
				CODE_SIGN_STYLE = Automatic;
				DEVELOPMENT_TEAM = B48346ETV3;
				FRAMEWORK_SEARCH_PATHS = (
					"$(inherited)",
					"$(PROJECT_DIR)/Carthage/Build/iOS",
				);
				INFOPLIST_FILE = ClubHouse/Info.plist;
				LD_RUNPATH_SEARCH_PATHS = (
					"$(inherited)",
					"@executable_path/Frameworks",
				);
				PRODUCT_BUNDLE_IDENTIFIER = infolytx.ClubHouse;
				PRODUCT_NAME = "$(TARGET_NAME)";
				SWIFT_VERSION = 5.0;
				TARGETED_DEVICE_FAMILY = "1,2";
			};
			name = Release;
		};
		46173AF0238D25E700A49C53 /* Debug */ = {
			isa = XCBuildConfiguration;
			buildSettings = {
				ALWAYS_EMBED_SWIFT_STANDARD_LIBRARIES = YES;
				BUNDLE_LOADER = "$(TEST_HOST)";
				CODE_SIGN_STYLE = Automatic;
				DEVELOPMENT_TEAM = B48346ETV3;
				INFOPLIST_FILE = ClubHouseTests/Info.plist;
				IPHONEOS_DEPLOYMENT_TARGET = 11.0;
				LD_RUNPATH_SEARCH_PATHS = (
					"$(inherited)",
					"@executable_path/Frameworks",
					"@loader_path/Frameworks",
				);
				PRODUCT_BUNDLE_IDENTIFIER = infolytx.ClubHouseTests;
				PRODUCT_NAME = "$(TARGET_NAME)";
				SWIFT_VERSION = 5.0;
				TARGETED_DEVICE_FAMILY = "1,2";
				TEST_HOST = "$(BUILT_PRODUCTS_DIR)/ClubHouse.app/ClubHouse";
			};
			name = Debug;
		};
		46173AF1238D25E700A49C53 /* Release */ = {
			isa = XCBuildConfiguration;
			buildSettings = {
				ALWAYS_EMBED_SWIFT_STANDARD_LIBRARIES = YES;
				BUNDLE_LOADER = "$(TEST_HOST)";
				CODE_SIGN_STYLE = Automatic;
				DEVELOPMENT_TEAM = B48346ETV3;
				INFOPLIST_FILE = ClubHouseTests/Info.plist;
				IPHONEOS_DEPLOYMENT_TARGET = 11.0;
				LD_RUNPATH_SEARCH_PATHS = (
					"$(inherited)",
					"@executable_path/Frameworks",
					"@loader_path/Frameworks",
				);
				PRODUCT_BUNDLE_IDENTIFIER = infolytx.ClubHouseTests;
				PRODUCT_NAME = "$(TARGET_NAME)";
				SWIFT_VERSION = 5.0;
				TARGETED_DEVICE_FAMILY = "1,2";
				TEST_HOST = "$(BUILT_PRODUCTS_DIR)/ClubHouse.app/ClubHouse";
			};
			name = Release;
		};
		46173AF3238D25E700A49C53 /* Debug */ = {
			isa = XCBuildConfiguration;
			buildSettings = {
				ALWAYS_EMBED_SWIFT_STANDARD_LIBRARIES = YES;
				CODE_SIGN_STYLE = Automatic;
				DEVELOPMENT_TEAM = B48346ETV3;
				INFOPLIST_FILE = ClubHouseUITests/Info.plist;
				LD_RUNPATH_SEARCH_PATHS = (
					"$(inherited)",
					"@executable_path/Frameworks",
					"@loader_path/Frameworks",
				);
				PRODUCT_BUNDLE_IDENTIFIER = infolytx.ClubHouseUITests;
				PRODUCT_NAME = "$(TARGET_NAME)";
				SWIFT_VERSION = 5.0;
				TARGETED_DEVICE_FAMILY = "1,2";
				TEST_TARGET_NAME = ClubHouse;
			};
			name = Debug;
		};
		46173AF4238D25E700A49C53 /* Release */ = {
			isa = XCBuildConfiguration;
			buildSettings = {
				ALWAYS_EMBED_SWIFT_STANDARD_LIBRARIES = YES;
				CODE_SIGN_STYLE = Automatic;
				DEVELOPMENT_TEAM = B48346ETV3;
				INFOPLIST_FILE = ClubHouseUITests/Info.plist;
				LD_RUNPATH_SEARCH_PATHS = (
					"$(inherited)",
					"@executable_path/Frameworks",
					"@loader_path/Frameworks",
				);
				PRODUCT_BUNDLE_IDENTIFIER = infolytx.ClubHouseUITests;
				PRODUCT_NAME = "$(TARGET_NAME)";
				SWIFT_VERSION = 5.0;
				TARGETED_DEVICE_FAMILY = "1,2";
				TEST_TARGET_NAME = ClubHouse;
			};
			name = Release;
		};
/* End XCBuildConfiguration section */

/* Begin XCConfigurationList section */
		46173ABA238D25E600A49C53 /* Build configuration list for PBXProject "ClubHouse" */ = {
			isa = XCConfigurationList;
			buildConfigurations = (
				46173AEA238D25E700A49C53 /* Debug */,
				46173AEB238D25E700A49C53 /* Release */,
			);
			defaultConfigurationIsVisible = 0;
			defaultConfigurationName = Release;
		};
		46173AEC238D25E700A49C53 /* Build configuration list for PBXNativeTarget "ClubHouse" */ = {
			isa = XCConfigurationList;
			buildConfigurations = (
				46173AED238D25E700A49C53 /* Debug */,
				46173AEE238D25E700A49C53 /* Release */,
			);
			defaultConfigurationIsVisible = 0;
			defaultConfigurationName = Release;
		};
		46173AEF238D25E700A49C53 /* Build configuration list for PBXNativeTarget "ClubHouseTests" */ = {
			isa = XCConfigurationList;
			buildConfigurations = (
				46173AF0238D25E700A49C53 /* Debug */,
				46173AF1238D25E700A49C53 /* Release */,
			);
			defaultConfigurationIsVisible = 0;
			defaultConfigurationName = Release;
		};
		46173AF2238D25E700A49C53 /* Build configuration list for PBXNativeTarget "ClubHouseUITests" */ = {
			isa = XCConfigurationList;
			buildConfigurations = (
				46173AF3238D25E700A49C53 /* Debug */,
				46173AF4238D25E700A49C53 /* Release */,
			);
			defaultConfigurationIsVisible = 0;
			defaultConfigurationName = Release;
		};
/* End XCConfigurationList section */
	};
	rootObject = 46173AB7238D25E600A49C53 /* Project object */;
}
